
Microsoft Visual Studio Solution File, Format Version 12.00
# Visual Studio Version 16
VisualStudioVersion = 16.0.33130.400
MinimumVisualStudioVersion = 10.0.40219.1
Project("{9A19103F-16F7-4668-BE54-9A1E7A4F7556}") = "GameHouse_Hiran.Server", "GameHouse_Hiran\Server\GameHouse_Hiran.Server.csproj", "{30CA262C-70D5-4554-91A1-C6348720770F}"
EndProject
Project("{9A19103F-16F7-4668-BE54-9A1E7A4F7556}") = "GameHouse_Hiran.Client", "GameHouse_Hiran\Client\GameHouse_Hiran.Client.csproj", "{F102E6E9-B4C2-4690-A523-3567624A4B7D}"
EndProject
Project("{9A19103F-16F7-4668-BE54-9A1E7A4F7556}") = "GameHouse_Hiran.Shared", "GameHouse_Hiran\Shared\GameHouse_Hiran.Shared.csproj", "{E7F2CB6C-5773-4500-8D31-D82FA6C3EF45}"
EndProject
Global
	GlobalSection(SolutionConfigurationPlatforms) = preSolution
		Debug|Any CPU = Debug|Any CPU
		Release|Any CPU = Release|Any CPU
	EndGlobalSection
	GlobalSection(ProjectConfigurationPlatforms) = postSolution
		{30CA262C-70D5-4554-91A1-C6348720770F}.Debug|Any CPU.ActiveCfg = Debug|Any CPU
		{30CA262C-70D5-4554-91A1-C6348720770F}.Debug|Any CPU.Build.0 = Debug|Any CPU
		{30CA262C-70D5-4554-91A1-C6348720770F}.Release|Any CPU.ActiveCfg = Release|Any CPU
		{30CA262C-70D5-4554-91A1-C6348720770F}.Release|Any CPU.Build.0 = Release|Any CPU
		{F102E6E9-B4C2-4690-A523-3567624A4B7D}.Debug|Any CPU.ActiveCfg = Debug|Any CPU
		{F102E6E9-B4C2-4690-A523-3567624A4B7D}.Debug|Any CPU.Build.0 = Debug|Any CPU
		{F102E6E9-B4C2-4690-A523-3567624A4B7D}.Release|Any CPU.ActiveCfg = Release|Any CPU
		{F102E6E9-B4C2-4690-A523-3567624A4B7D}.Release|Any CPU.Build.0 = Release|Any CPU
		{E7F2CB6C-5773-4500-8D31-D82FA6C3EF45}.Debug|Any CPU.ActiveCfg = Debug|Any CPU
		{E7F2CB6C-5773-4500-8D31-D82FA6C3EF45}.Debug|Any CPU.Build.0 = Debug|Any CPU
		{E7F2CB6C-5773-4500-8D31-D82FA6C3EF45}.Release|Any CPU.ActiveCfg = Release|Any CPU
		{E7F2CB6C-5773-4500-8D31-D82FA6C3EF45}.Release|Any CPU.Build.0 = Release|Any CPU
	EndGlobalSection
	GlobalSection(SolutionProperties) = preSolution
		HideSolutionNode = FALSE
	EndGlobalSection
	GlobalSection(ExtensibilityGlobals) = postSolution
		SolutionGuid = {A63E8D9F-176B-45D1-B917-EBF99E8EEE7D}
	EndGlobalSection
EndGlobal
